# This file is automatically @generated by Cargo.
# It is not intended for manual editing.
version = 4

[[package]]
name = "use-bar"
version = "0.0.1"
dependencies = [
 "use-market-price",
]

[[package]]
name = "use-drawdown"
version = "0.0.1"

[[package]]
name = "use-factor"
version = "0.0.1"

[[package]]
name = "use-market-price"
version = "0.0.1"

[[package]]
name = "use-portfolio-weight"
version = "0.0.1"

[[package]]
name = "use-price-series"
version = "0.0.1"
dependencies = [
 "use-market-price",
 "use-return",
]

[[package]]
name = "use-quant"
version = "0.0.1"
dependencies = [
 "use-bar",
 "use-drawdown",
 "use-factor",
 "use-market-price",
 "use-portfolio-weight",
 "use-price-series",
 "use-return",
 "use-risk",
 "use-signal-score",
 "use-tick",
 "use-volatility",
]

[[package]]
name = "use-return"
version = "0.0.1"

[[package]]
name = "use-risk"
version = "0.0.1"

[[package]]
name = "use-signal-score"
version = "0.0.1"

[[package]]
name = "use-tick"
version = "0.0.1"
dependencies = [
 "use-market-price",
]

[[package]]
name = "use-volatility"
version = "0.0.1"
